
Microsoft Visual Studio Solution File, Format Version 12.00
# Visual Studio Version 17
VisualStudioVersion = 17.5.33530.505
MinimumVisualStudioVersion = 10.0.40219.1
Project("{FAE04EC0-301F-11D3-BF4B-00C04F79EFBC}") = "LVZHeadlines", "LVZHeadlines.csproj", "{E237388E-C8ED-475B-90FA-3BE91F2342E7}"
EndProject
Global
	GlobalSection(SolutionConfigurationPlatforms) = preSolution
		Debug|Any CPU = Debug|Any CPU
		Release|Any CPU = Release|Any CPU
	EndGlobalSection
	GlobalSection(ProjectConfigurationPlatforms) = postSolution
		{E237388E-C8ED-475B-90FA-3BE91F2342E7}.Debug|Any CPU.ActiveCfg = Debug|Any CPU
		{E237388E-C8ED-475B-90FA-3BE91F2342E7}.Debug|Any CPU.Build.0 = Debug|Any CPU
		{E237388E-C8ED-475B-90FA-3BE91F2342E7}.Release|Any CPU.ActiveCfg = Release|Any CPU
		{E237388E-C8ED-475B-90FA-3BE91F2342E7}.Release|Any CPU.Build.0 = Release|Any CPU
	EndGlobalSection
	GlobalSection(SolutionProperties) = preSolution
		HideSolutionNode = FALSE
	EndGlobalSection
	GlobalSection(ExtensibilityGlobals) = postSolution
		SolutionGuid = {4D4269ED-9079-4BA0-868B-9734C0A355E6}
	EndGlobalSection
EndGlobal
